
Microsoft Visual Studio Solution File, Format Version 12.00
# Visual Studio 15
VisualStudioVersion = 15.0.28307.168
MinimumVisualStudioVersion = 10.0.40219.1
Project("{FAE04EC0-301F-11D3-BF4B-00C04F79EFBC}") = "CharGenWpf", "CharGenWpf\CharGenWpf.csproj", "{94CC6966-3214-46FC-A372-F2B2AF52B00F}"
EndProject
Global
	GlobalSection(SolutionConfigurationPlatforms) = preSolution
		Debug|Any CPU = Debug|Any CPU
		Release|Any CPU = Release|Any CPU
	EndGlobalSection
	GlobalSection(ProjectConfigurationPlatforms) = postSolution
		{94CC6966-3214-46FC-A372-F2B2AF52B00F}.Debug|Any CPU.ActiveCfg = Debug|Any CPU
		{94CC6966-3214-46FC-A372-F2B2AF52B00F}.Debug|Any CPU.Build.0 = Debug|Any CPU
		{94CC6966-3214-46FC-A372-F2B2AF52B00F}.Release|Any CPU.ActiveCfg = Release|Any CPU
		{94CC6966-3214-46FC-A372-F2B2AF52B00F}.Release|Any CPU.Build.0 = Release|Any CPU
	EndGlobalSection
	GlobalSection(SolutionProperties) = preSolution
		HideSolutionNode = FALSE
	EndGlobalSection
	GlobalSection(ExtensibilityGlobals) = postSolution
		SolutionGuid = {39699C48-313B-4AD8-AA70-3BE2937F2C4E}
	EndGlobalSection
EndGlobal
